<Solution>
  <Project Path="UniEventIntegration.AltinnSubscription/UniEventIntegration.AltinnSubscription.csproj" Id="549ae168-9df9-493b-bff6-d95de5239d64" />
  <Project Path="UniEventIntegration.AppHost/UniEventIntegration.AppHost.csproj" />
  <Project Path="UniEventIntegration.ServiceDefaults/UniEventIntegration.ServiceDefaults.csproj" />
  <Project Path="UniEventIntegration/UniEventIntegration.csproj" />
</Solution>
